
Microsoft Visual Studio Solution File, Format Version 12.00
# Visual Studio Version 17
VisualStudioVersion = 17.7.34018.315
MinimumVisualStudioVersion = 10.0.40219.1
Project("{FAE04EC0-301F-11D3-BF4B-00C04F79EFBC}") = "MMEfCodeFirst", "MMEfCodeFirst\MMEfCodeFirst.csproj", "{B5094B37-FC38-42ED-B370-5F96DCD0EAE0}"
EndProject
Global
	GlobalSection(SolutionConfigurationPlatforms) = preSolution
		Debug|Any CPU = Debug|Any CPU
		Release|Any CPU = Release|Any CPU
	EndGlobalSection
	GlobalSection(ProjectConfigurationPlatforms) = postSolution
		{B5094B37-FC38-42ED-B370-5F96DCD0EAE0}.Debug|Any CPU.ActiveCfg = Debug|Any CPU
		{B5094B37-FC38-42ED-B370-5F96DCD0EAE0}.Debug|Any CPU.Build.0 = Debug|Any CPU
		{B5094B37-FC38-42ED-B370-5F96DCD0EAE0}.Release|Any CPU.ActiveCfg = Release|Any CPU
		{B5094B37-FC38-42ED-B370-5F96DCD0EAE0}.Release|Any CPU.Build.0 = Release|Any CPU
	EndGlobalSection
	GlobalSection(SolutionProperties) = preSolution
		HideSolutionNode = FALSE
	EndGlobalSection
	GlobalSection(ExtensibilityGlobals) = postSolution
		SolutionGuid = {8E4F17D9-7403-4F8E-B794-E95B98D6454A}
	EndGlobalSection
EndGlobal
